
Microsoft Visual Studio Solution File, Format Version 12.00
# Visual Studio 15
Project("{FAE04EC0-301F-11D3-BF4B-00C04F79EFBC}") = "Flex", "Flex.csproj", "{4DB885AC-B8F9-4B39-A5F7-565D5F7C975A}"
EndProject
Global
	GlobalSection(SolutionConfigurationPlatforms) = preSolution
		Release|Any CPU = Release|Any CPU
		Debug|Any CPU = Debug|Any CPU
	EndGlobalSection
	GlobalSection(ProjectConfigurationPlatforms) = postSolution
		{4DB885AC-B8F9-4B39-A5F7-565D5F7C975A}.Release|Any CPU.ActiveCfg = Release|Any CPU
		{4DB885AC-B8F9-4B39-A5F7-565D5F7C975A}.Release|Any CPU.Build.0 = Release|Any CPU
		{4DB885AC-B8F9-4B39-A5F7-565D5F7C975A}.Debug|Any CPU.ActiveCfg = Debug|Any CPU
		{4DB885AC-B8F9-4B39-A5F7-565D5F7C975A}.Debug|Any CPU.Build.0 = Debug|Any CPU
	EndGlobalSection
EndGlobal
